<?xml version="1.0" encoding="utf-8"?>
<Project ToolsVersion="4.0" xmlns="http://schemas.microsoft.com/developer/msbuild/2003">
  <Import Project="LVGL.Portable.vcxitems.filters" />
  <Import Project="LVGL.Drivers.vcxitems.filters" />
  <ItemGroup>
    <ClInclude Include="lv_conf.h" />
    <ClInclude Include="lv_drv_conf.h" />
    <ClInclude Include="HardwareSimulator.hpp" />
    <ClInclude Include="..\..\Platformio\include\OmoteUI\HardwareAbstractionInterface.h">
      <Filter>OmoteUI</Filter>
    </ClInclude>
    <ClInclude Include="..\..\Platformio\include\OmoteUI\OmoteUI.hpp">
      <Filter>OmoteUI</Filter>
    </ClInclude>
    <ClInclude Include="omoteconfig.h" />
  </ItemGroup>
  <ItemGroup>
    <Manifest Include="LVGL.Simulator.manifest" />
  </ItemGroup>
  <ItemGroup>
    <ClInclude Include="Mile.Project.Properties.h" />
    <ClInclude Include="resource.h" />
  </ItemGroup>
  <ItemGroup>
    <ClCompile Include="LVGL.Simulator.cpp" />
    <ClCompile Include="HardwareSimulator.cpp" />
    <ClCompile Include="..\..\Platformio\src\HardwareAbstractionInterface.cpp">
      <Filter>OmoteUI</Filter>
    </ClCompile>
    <ClCompile Include="..\..\Platformio\src\OmoteUI.cpp">
      <Filter>OmoteUI</Filter>
    </ClCompile>
  </ItemGroup>
  <ItemGroup>
    <ResourceCompile Include="LVGL.Simulator.rc" />
  </ItemGroup>
  <ItemGroup>
    <Image Include="LVGL.ico" />
  </ItemGroup>
  <ItemGroup>
    <None Include="freetype.props" />
  </ItemGroup>
  <ItemGroup>
    <Filter Include="OmoteUI">
      <UniqueIdentifier>{0b1f99aa-73cb-482d-9d62-20e17f93b890}</UniqueIdentifier>
    </Filter>
  </ItemGroup>
</Project>