<?xml version="1.0" encoding="utf-8"?>
<Project ToolsVersion="4.0" xmlns="http://schemas.microsoft.com/developer/msbuild/2003">
  <ItemGroup>
    <Filter Include="lv_drivers">
      <UniqueIdentifier>{7566e42d-eb8e-4f4d-9033-cd06054697d8}</UniqueIdentifier>
    </Filter>
    <Filter Include="lv_drivers\.github">
      <UniqueIdentifier>{74500504-af40-4255-9f53-4d92c5e229f8}</UniqueIdentifier>
    </Filter>
    <Filter Include="lv_drivers\display">
      <UniqueIdentifier>{ca30f9f2-a3d9-4bca-80b5-f382e189249d}</UniqueIdentifier>
    </Filter>
    <Filter Include="lv_drivers\docs">
      <UniqueIdentifier>{5f6b676a-921b-48d7-a991-daf4a08dfca1}</UniqueIdentifier>
    </Filter>
    <Filter Include="lv_drivers\gtkdrv">
      <UniqueIdentifier>{fd61c315-6817-4014-ab7d-1b3caefe224c}</UniqueIdentifier>
    </Filter>
    <Filter Include="lv_drivers\indev">
      <UniqueIdentifier>{074645d5-764c-40e1-9bc3-937ae2d66eb8}</UniqueIdentifier>
    </Filter>
    <Filter Include="lv_drivers\sdl">
      <UniqueIdentifier>{8c46100e-c005-4d33-92a5-bbea97ac768d}</UniqueIdentifier>
    </Filter>
    <Filter Include="lv_drivers\wayland">
      <UniqueIdentifier>{d40a3a90-9405-47e0-83b4-0ff7f537e61a}</UniqueIdentifier>
    </Filter>
    <Filter Include="lv_drivers\win32drv">
      <UniqueIdentifier>{d67ee931-45e6-400d-b41c-4c1e0237f695}</UniqueIdentifier>
    </Filter>
  </ItemGroup>
  <ItemGroup>
    <ClInclude Include="$(MSBuildThisFileDirectory)..\LvglPlatform\lv_drivers\display\drm.h">
      <Filter>lv_drivers\display</Filter>
    </ClInclude>
    <ClInclude Include="$(MSBuildThisFileDirectory)..\LvglPlatform\lv_drivers\display\fbdev.h">
      <Filter>lv_drivers\display</Filter>
    </ClInclude>
    <ClInclude Include="$(MSBuildThisFileDirectory)..\LvglPlatform\lv_drivers\display\GC9A01.h">
      <Filter>lv_drivers\display</Filter>
    </ClInclude>
    <ClInclude Include="$(MSBuildThisFileDirectory)..\LvglPlatform\lv_drivers\display\ILI9341.h">
      <Filter>lv_drivers\display</Filter>
    </ClInclude>
    <ClInclude Include="$(MSBuildThisFileDirectory)..\LvglPlatform\lv_drivers\display\monitor.h">
      <Filter>lv_drivers\display</Filter>
    </ClInclude>
    <ClInclude Include="$(MSBuildThisFileDirectory)..\LvglPlatform\lv_drivers\display\R61581.h">
      <Filter>lv_drivers\display</Filter>
    </ClInclude>
    <ClInclude Include="$(MSBuildThisFileDirectory)..\LvglPlatform\lv_drivers\display\SHARP_MIP.h">
      <Filter>lv_drivers\display</Filter>
    </ClInclude>
    <ClInclude Include="$(MSBuildThisFileDirectory)..\LvglPlatform\lv_drivers\display\SSD1963.h">
      <Filter>lv_drivers\display</Filter>
    </ClInclude>
    <ClInclude Include="$(MSBuildThisFileDirectory)..\LvglPlatform\lv_drivers\display\ST7565.h">
      <Filter>lv_drivers\display</Filter>
    </ClInclude>
    <ClInclude Include="$(MSBuildThisFileDirectory)..\LvglPlatform\lv_drivers\display\UC1610.h">
      <Filter>lv_drivers\display</Filter>
    </ClInclude>
    <ClInclude Include="$(MSBuildThisFileDirectory)..\LvglPlatform\lv_drivers\gtkdrv\gtkdrv.h">
      <Filter>lv_drivers\gtkdrv</Filter>
    </ClInclude>
    <ClInclude Include="$(MSBuildThisFileDirectory)..\LvglPlatform\lv_drivers\indev\AD_touch.h">
      <Filter>lv_drivers\indev</Filter>
    </ClInclude>
    <ClInclude Include="$(MSBuildThisFileDirectory)..\LvglPlatform\lv_drivers\indev\evdev.h">
      <Filter>lv_drivers\indev</Filter>
    </ClInclude>
    <ClInclude Include="$(MSBuildThisFileDirectory)..\LvglPlatform\lv_drivers\indev\FT5406EE8.h">
      <Filter>lv_drivers\indev</Filter>
    </ClInclude>
    <ClInclude Include="$(MSBuildThisFileDirectory)..\LvglPlatform\lv_drivers\indev\keyboard.h">
      <Filter>lv_drivers\indev</Filter>
    </ClInclude>
    <ClInclude Include="$(MSBuildThisFileDirectory)..\LvglPlatform\lv_drivers\indev\libinput_drv.h">
      <Filter>lv_drivers\indev</Filter>
    </ClInclude>
    <ClInclude Include="$(MSBuildThisFileDirectory)..\LvglPlatform\lv_drivers\indev\mouse.h">
      <Filter>lv_drivers\indev</Filter>
    </ClInclude>
    <ClInclude Include="$(MSBuildThisFileDirectory)..\LvglPlatform\lv_drivers\indev\mousewheel.h">
      <Filter>lv_drivers\indev</Filter>
    </ClInclude>
    <ClInclude Include="$(MSBuildThisFileDirectory)..\LvglPlatform\lv_drivers\indev\xkb.h">
      <Filter>lv_drivers\indev</Filter>
    </ClInclude>
    <ClInclude Include="$(MSBuildThisFileDirectory)..\LvglPlatform\lv_drivers\indev\XPT2046.h">
      <Filter>lv_drivers\indev</Filter>
    </ClInclude>
    <ClInclude Include="$(MSBuildThisFileDirectory)..\LvglPlatform\lv_drivers\sdl\sdl.h">
      <Filter>lv_drivers\sdl</Filter>
    </ClInclude>
    <ClInclude Include="$(MSBuildThisFileDirectory)..\LvglPlatform\lv_drivers\sdl\sdl_common.h">
      <Filter>lv_drivers\sdl</Filter>
    </ClInclude>
    <ClInclude Include="$(MSBuildThisFileDirectory)..\LvglPlatform\lv_drivers\sdl\sdl_common_internal.h">
      <Filter>lv_drivers\sdl</Filter>
    </ClInclude>
    <ClInclude Include="$(MSBuildThisFileDirectory)..\LvglPlatform\lv_drivers\sdl\sdl_gpu.h">
      <Filter>lv_drivers\sdl</Filter>
    </ClInclude>
    <ClInclude Include="$(MSBuildThisFileDirectory)..\LvglPlatform\lv_drivers\wayland\wayland.h">
      <Filter>lv_drivers\wayland</Filter>
    </ClInclude>
    <ClInclude Include="$(MSBuildThisFileDirectory)..\LvglPlatform\lv_drivers\win32drv\win32drv.h">
      <Filter>lv_drivers\win32drv</Filter>
    </ClInclude>
    <ClInclude Include="$(MSBuildThisFileDirectory)..\LvglPlatform\lv_drivers\lv_drv_conf_template.h">
      <Filter>lv_drivers</Filter>
    </ClInclude>
    <ClInclude Include="$(MSBuildThisFileDirectory)..\LvglPlatform\lv_drivers\win_drv.h">
      <Filter>lv_drivers</Filter>
    </ClInclude>
  </ItemGroup>
  <ItemGroup>
    <ClCompile Include="$(MSBuildThisFileDirectory)..\LvglPlatform\lv_drivers\display\drm.c">
      <Filter>lv_drivers\display</Filter>
    </ClCompile>
    <ClCompile Include="$(MSBuildThisFileDirectory)..\LvglPlatform\lv_drivers\display\fbdev.c">
      <Filter>lv_drivers\display</Filter>
    </ClCompile>
    <ClCompile Include="$(MSBuildThisFileDirectory)..\LvglPlatform\lv_drivers\display\GC9A01.c">
      <Filter>lv_drivers\display</Filter>
    </ClCompile>
    <ClCompile Include="$(MSBuildThisFileDirectory)..\LvglPlatform\lv_drivers\display\ILI9341.c">
      <Filter>lv_drivers\display</Filter>
    </ClCompile>
    <ClCompile Include="$(MSBuildThisFileDirectory)..\LvglPlatform\lv_drivers\display\R61581.c">
      <Filter>lv_drivers\display</Filter>
    </ClCompile>
    <ClCompile Include="$(MSBuildThisFileDirectory)..\LvglPlatform\lv_drivers\display\SHARP_MIP.c">
      <Filter>lv_drivers\display</Filter>
    </ClCompile>
    <ClCompile Include="$(MSBuildThisFileDirectory)..\LvglPlatform\lv_drivers\display\SSD1963.c">
      <Filter>lv_drivers\display</Filter>
    </ClCompile>
    <ClCompile Include="$(MSBuildThisFileDirectory)..\LvglPlatform\lv_drivers\display\ST7565.c">
      <Filter>lv_drivers\display</Filter>
    </ClCompile>
    <ClCompile Include="$(MSBuildThisFileDirectory)..\LvglPlatform\lv_drivers\display\UC1610.c">
      <Filter>lv_drivers\display</Filter>
    </ClCompile>
    <ClCompile Include="$(MSBuildThisFileDirectory)..\LvglPlatform\lv_drivers\gtkdrv\gtkdrv.c">
      <Filter>lv_drivers\gtkdrv</Filter>
    </ClCompile>
    <ClCompile Include="$(MSBuildThisFileDirectory)..\LvglPlatform\lv_drivers\indev\AD_touch.c">
      <Filter>lv_drivers\indev</Filter>
    </ClCompile>
    <ClCompile Include="$(MSBuildThisFileDirectory)..\LvglPlatform\lv_drivers\indev\evdev.c">
      <Filter>lv_drivers\indev</Filter>
    </ClCompile>
    <ClCompile Include="$(MSBuildThisFileDirectory)..\LvglPlatform\lv_drivers\indev\FT5406EE8.c">
      <Filter>lv_drivers\indev</Filter>
    </ClCompile>
    <ClCompile Include="$(MSBuildThisFileDirectory)..\LvglPlatform\lv_drivers\indev\libinput.c">
      <Filter>lv_drivers\indev</Filter>
    </ClCompile>
    <ClCompile Include="$(MSBuildThisFileDirectory)..\LvglPlatform\lv_drivers\indev\xkb.c">
      <Filter>lv_drivers\indev</Filter>
    </ClCompile>
    <ClCompile Include="$(MSBuildThisFileDirectory)..\LvglPlatform\lv_drivers\indev\XPT2046.c">
      <Filter>lv_drivers\indev</Filter>
    </ClCompile>
    <ClCompile Include="$(MSBuildThisFileDirectory)..\LvglPlatform\lv_drivers\sdl\sdl.c">
      <Filter>lv_drivers\sdl</Filter>
    </ClCompile>
    <ClCompile Include="$(MSBuildThisFileDirectory)..\LvglPlatform\lv_drivers\sdl\sdl_common.c">
      <Filter>lv_drivers\sdl</Filter>
    </ClCompile>
    <ClCompile Include="$(MSBuildThisFileDirectory)..\LvglPlatform\lv_drivers\sdl\sdl_gpu.c">
      <Filter>lv_drivers\sdl</Filter>
    </ClCompile>
    <ClCompile Include="$(MSBuildThisFileDirectory)..\LvglPlatform\lv_drivers\wayland\wayland.c">
      <Filter>lv_drivers\wayland</Filter>
    </ClCompile>
    <ClCompile Include="$(MSBuildThisFileDirectory)..\LvglPlatform\lv_drivers\win32drv\win32drv.c">
      <Filter>lv_drivers\win32drv</Filter>
    </ClCompile>
    <ClCompile Include="$(MSBuildThisFileDirectory)..\LvglPlatform\lv_drivers\win_drv.c">
      <Filter>lv_drivers</Filter>
    </ClCompile>
  </ItemGroup>
  <ItemGroup>
    <None Include="$(MSBuildThisFileDirectory)..\LvglPlatform\lv_drivers\.github\auto-comment.yml">
      <Filter>lv_drivers\.github</Filter>
    </None>
    <None Include="$(MSBuildThisFileDirectory)..\LvglPlatform\lv_drivers\.github\stale.yml">
      <Filter>lv_drivers\.github</Filter>
    </None>
    <None Include="$(MSBuildThisFileDirectory)..\LvglPlatform\lv_drivers\docs\astyle_c">
      <Filter>lv_drivers\docs</Filter>
    </None>
    <None Include="$(MSBuildThisFileDirectory)..\LvglPlatform\lv_drivers\docs\astyle_h">
      <Filter>lv_drivers\docs</Filter>
    </None>
    <None Include="$(MSBuildThisFileDirectory)..\LvglPlatform\lv_drivers\gtkdrv\broadway.png">
      <Filter>lv_drivers\gtkdrv</Filter>
    </None>
    <None Include="$(MSBuildThisFileDirectory)..\LvglPlatform\lv_drivers\gtkdrv\README.md">
      <Filter>lv_drivers\gtkdrv</Filter>
    </None>
    <None Include="$(MSBuildThisFileDirectory)..\LvglPlatform\lv_drivers\wayland\.gitignore">
      <Filter>lv_drivers\wayland</Filter>
    </None>
    <None Include="$(MSBuildThisFileDirectory)..\LvglPlatform\lv_drivers\wayland\CMakeLists.txt">
      <Filter>lv_drivers\wayland</Filter>
    </None>
    <None Include="$(MSBuildThisFileDirectory)..\LvglPlatform\lv_drivers\wayland\README.md">
      <Filter>lv_drivers\wayland</Filter>
    </None>
    <None Include="$(MSBuildThisFileDirectory)..\LvglPlatform\lv_drivers\.git">
      <Filter>lv_drivers</Filter>
    </None>
    <None Include="$(MSBuildThisFileDirectory)..\LvglPlatform\lv_drivers\.gitignore">
      <Filter>lv_drivers</Filter>
    </None>
    <None Include="$(MSBuildThisFileDirectory)..\LvglPlatform\lv_drivers\CMakeLists.txt">
      <Filter>lv_drivers</Filter>
    </None>
    <None Include="$(MSBuildThisFileDirectory)..\LvglPlatform\lv_drivers\library.json">
      <Filter>lv_drivers</Filter>
    </None>
    <None Include="$(MSBuildThisFileDirectory)..\LvglPlatform\lv_drivers\LICENSE">
      <Filter>lv_drivers</Filter>
    </None>
    <None Include="$(MSBuildThisFileDirectory)..\LvglPlatform\lv_drivers\lv_drivers.mk">
      <Filter>lv_drivers</Filter>
    </None>
    <None Include="$(MSBuildThisFileDirectory)..\LvglPlatform\lv_drivers\README.md">
      <Filter>lv_drivers</Filter>
    </None>
  </ItemGroup>
</Project>