
Microsoft Visual Studio Solution File, Format Version 12.00
# Visual Studio Version 17
VisualStudioVersion = 17.4.33213.308
MinimumVisualStudioVersion = 10.0.40219.1
Project("{FAE04EC0-301F-11D3-BF4B-00C04F79EFBC}") = "LvglSubmoduleProjectFileGenerator", "LvglSubmoduleProjectFileGenerator\LvglSubmoduleProjectFileGenerator.csproj", "{1BCB0765-593C-4BBF-B945-10858316AF62}"
EndProject
Global
	GlobalSection(SolutionConfigurationPlatforms) = preSolution
		Debug|Any CPU = Debug|Any CPU
		Release|Any CPU = Release|Any CPU
	EndGlobalSection
	GlobalSection(ProjectConfigurationPlatforms) = postSolution
		{1BCB0765-593C-4BBF-B945-10858316AF62}.Debug|Any CPU.ActiveCfg = Debug|Any CPU
		{1BCB0765-593C-4BBF-B945-10858316AF62}.Debug|Any CPU.Build.0 = Debug|Any CPU
		{1BCB0765-593C-4BBF-B945-10858316AF62}.Release|Any CPU.ActiveCfg = Release|Any CPU
		{1BCB0765-593C-4BBF-B945-10858316AF62}.Release|Any CPU.Build.0 = Release|Any CPU
	EndGlobalSection
	GlobalSection(SolutionProperties) = preSolution
		HideSolutionNode = FALSE
	EndGlobalSection
	GlobalSection(ExtensibilityGlobals) = postSolution
		SolutionGuid = {5403C626-7F51-4D74-8432-9665DEB5C76B}
	EndGlobalSection
EndGlobal
